
Microsoft Visual Studio Solution File, Format Version 12.00
# Visual Studio Version 17
VisualStudioVersion = 17.9.34622.214
MinimumVisualStudioVersion = 10.0.40219.1
Project("{FAE04EC0-301F-11D3-BF4B-00C04F79EFBC}") = "PEP", "PEP\PEP.csproj", "{58362D4C-4A3A-4266-A2D4-33C4AC72CDB5}"
EndProject
Global
	GlobalSection(SolutionConfigurationPlatforms) = preSolution
		Debug|Any CPU = Debug|Any CPU
		Release|Any CPU = Release|Any CPU
	EndGlobalSection
	GlobalSection(ProjectConfigurationPlatforms) = postSolution
		{58362D4C-4A3A-4266-A2D4-33C4AC72CDB5}.Debug|Any CPU.ActiveCfg = Debug|Any CPU
		{58362D4C-4A3A-4266-A2D4-33C4AC72CDB5}.Debug|Any CPU.Build.0 = Debug|Any CPU
		{58362D4C-4A3A-4266-A2D4-33C4AC72CDB5}.Release|Any CPU.ActiveCfg = Release|Any CPU
		{58362D4C-4A3A-4266-A2D4-33C4AC72CDB5}.Release|Any CPU.Build.0 = Release|Any CPU
	EndGlobalSection
	GlobalSection(SolutionProperties) = preSolution
		HideSolutionNode = FALSE
	EndGlobalSection
	GlobalSection(ExtensibilityGlobals) = postSolution
		SolutionGuid = {452F6BC5-B610-4200-AE5B-BDE4D6705B96}
	EndGlobalSection
EndGlobal
